
Microsoft Visual Studio Solution File, Format Version 12.00
# Visual Studio Version 17
VisualStudioVersion = 17.14.36518.9 d17.14
MinimumVisualStudioVersion = 10.0.40219.1
Project("{FAE04EC0-301F-11D3-BF4B-00C04F79EFBC}") = "RotateLot", "RotateLot.csproj", "{481C45AA-5A1C-4D2C-82B2-2631B47FAB22}"
EndProject
Global
	GlobalSection(SolutionConfigurationPlatforms) = preSolution
		Debug|Any CPU = Debug|Any CPU
		Release|Any CPU = Release|Any CPU
	EndGlobalSection
	GlobalSection(ProjectConfigurationPlatforms) = postSolution
		{481C45AA-5A1C-4D2C-82B2-2631B47FAB22}.Debug|Any CPU.ActiveCfg = Debug|Any CPU
		{481C45AA-5A1C-4D2C-82B2-2631B47FAB22}.Debug|Any CPU.Build.0 = Debug|Any CPU
		{481C45AA-5A1C-4D2C-82B2-2631B47FAB22}.Release|Any CPU.ActiveCfg = Release|Any CPU
		{481C45AA-5A1C-4D2C-82B2-2631B47FAB22}.Release|Any CPU.Build.0 = Release|Any CPU
	EndGlobalSection
	GlobalSection(SolutionProperties) = preSolution
		HideSolutionNode = FALSE
	EndGlobalSection
	GlobalSection(ExtensibilityGlobals) = postSolution
		SolutionGuid = {32690096-683F-4A23-AE33-FCC0C89ACA5A}
	EndGlobalSection
EndGlobal
